
Microsoft Visual Studio Solution File, Format Version 12.00
# Visual Studio Version 16
VisualStudioVersion = 16.0.32126.315
MinimumVisualStudioVersion = 10.0.40219.1
Project("{8BC9CEB8-8B4A-11D0-8D11-00A0C91BC942}") = "gameServer", "gameServer\gameServer.vcxproj", "{81B79E44-CB16-417F-81F2-9AABC54A7475}"
EndProject
Project("{8BC9CEB8-8B4A-11D0-8D11-00A0C91BC942}") = "gameServerTests", "gameServerTests\gameServerTests.vcxproj", "{34619D49-DA51-461F-99E3-49EE3D7F600C}"
EndProject
Global
	GlobalSection(SolutionConfigurationPlatforms) = preSolution
		Debug|x64 = Debug|x64
		Debug|x86 = Debug|x86
		Release|x64 = Release|x64
		Release|x86 = Release|x86
	EndGlobalSection
	GlobalSection(ProjectConfigurationPlatforms) = postSolution
		{81B79E44-CB16-417F-81F2-9AABC54A7475}.Debug|x64.ActiveCfg = Debug|x64
		{81B79E44-CB16-417F-81F2-9AABC54A7475}.Debug|x64.Build.0 = Debug|x64
		{81B79E44-CB16-417F-81F2-9AABC54A7475}.Debug|x86.ActiveCfg = Debug|Win32
		{81B79E44-CB16-417F-81F2-9AABC54A7475}.Debug|x86.Build.0 = Debug|Win32
		{81B79E44-CB16-417F-81F2-9AABC54A7475}.Release|x64.ActiveCfg = Release|x64
		{81B79E44-CB16-417F-81F2-9AABC54A7475}.Release|x64.Build.0 = Release|x64
		{81B79E44-CB16-417F-81F2-9AABC54A7475}.Release|x86.ActiveCfg = Release|Win32
		{81B79E44-CB16-417F-81F2-9AABC54A7475}.Release|x86.Build.0 = Release|Win32
		{34619D49-DA51-461F-99E3-49EE3D7F600C}.Debug|x64.ActiveCfg = Debug|x64
		{34619D49-DA51-461F-99E3-49EE3D7F600C}.Debug|x64.Build.0 = Debug|x64
		{34619D49-DA51-461F-99E3-49EE3D7F600C}.Debug|x86.ActiveCfg = Debug|Win32
		{34619D49-DA51-461F-99E3-49EE3D7F600C}.Debug|x86.Build.0 = Debug|Win32
		{34619D49-DA51-461F-99E3-49EE3D7F600C}.Release|x64.ActiveCfg = Release|x64
		{34619D49-DA51-461F-99E3-49EE3D7F600C}.Release|x64.Build.0 = Release|x64
		{34619D49-DA51-461F-99E3-49EE3D7F600C}.Release|x86.ActiveCfg = Release|Win32
		{34619D49-DA51-461F-99E3-49EE3D7F600C}.Release|x86.Build.0 = Release|Win32
	EndGlobalSection
	GlobalSection(SolutionProperties) = preSolution
		HideSolutionNode = FALSE
	EndGlobalSection
	GlobalSection(ExtensibilityGlobals) = postSolution
		SolutionGuid = {25F9538E-77CF-4A00-80C4-D6D847C7250F}
	EndGlobalSection
EndGlobal
